
Microsoft Visual Studio Solution File, Format Version 12.00
# Visual Studio Version 17
VisualStudioVersion = 17.5.002.0
MinimumVisualStudioVersion = 10.0.40219.1
Project("{9A19103F-16F7-4668-BE54-9A1E7A4F7556}") = "Q1Exam", "Q1Exam.csproj", "{FB35EFFA-25FF-43B8-ADE0-E323E78A9B92}"
EndProject
Global
	GlobalSection(SolutionConfigurationPlatforms) = preSolution
		Debug|Any CPU = Debug|Any CPU
		Release|Any CPU = Release|Any CPU
	EndGlobalSection
	GlobalSection(ProjectConfigurationPlatforms) = postSolution
		{FB35EFFA-25FF-43B8-ADE0-E323E78A9B92}.Debug|Any CPU.ActiveCfg = Debug|Any CPU
		{FB35EFFA-25FF-43B8-ADE0-E323E78A9B92}.Debug|Any CPU.Build.0 = Debug|Any CPU
		{FB35EFFA-25FF-43B8-ADE0-E323E78A9B92}.Release|Any CPU.ActiveCfg = Release|Any CPU
		{FB35EFFA-25FF-43B8-ADE0-E323E78A9B92}.Release|Any CPU.Build.0 = Release|Any CPU
	EndGlobalSection
	GlobalSection(SolutionProperties) = preSolution
		HideSolutionNode = FALSE
	EndGlobalSection
	GlobalSection(ExtensibilityGlobals) = postSolution
		SolutionGuid = {D089AE6C-23CB-439D-AE65-474BB91EDCA9}
	EndGlobalSection
EndGlobal
